# Code generated by scarb DO NOT EDIT.
version = 1

[[package]]
name = "achievement"
version = "0.0.0"
source = "git+https://github.com/evolute-studio/arcade#3f302cb24c5d0bead74ef642d433273b3b05d550"
dependencies = [
 "dojo",
]

[[package]]
name = "alexandria_data_structures"
version = "0.4.0"
source = "git+https://github.com/keep-starknet-strange/alexandria.git?tag=v0.4.0#ae3d960589a2f0c9af5fbd9236f6f3eb39fea8ed"

[[package]]
name = "alexandria_math"
version = "0.4.0"
source = "git+https://github.com/keep-starknet-strange/alexandria.git?tag=v0.4.0#ae3d960589a2f0c9af5fbd9236f6f3eb39fea8ed"

[[package]]
name = "dojo"
version = "1.6.0-alpha.0"
source = "git+https://github.com/dojoengine/dojo?tag=v1.6.0-alpha.2#184a4e8368269815823004d61e71f0699059ad77"
dependencies = [
 "dojo_plugin",
]

[[package]]
name = "dojo_cairo_test"
version = "1.6.0-alpha.0"
source = "git+https://github.com/dojoengine/dojo?tag=v1.6.0-alpha.2#184a4e8368269815823004d61e71f0699059ad77"
dependencies = [
 "dojo",
]

[[package]]
name = "dojo_plugin"
version = "2.10.1"
source = "git+https://github.com/dojoengine/dojo?tag=v1.6.0-alpha.2#184a4e8368269815823004d61e71f0699059ad77"

[[package]]
name = "evolute_duel"
version = "1.6.0"
dependencies = [
 "achievement",
 "alexandria_data_structures",
 "alexandria_math",
 "dojo",
 "dojo_cairo_test",
 "nft_combo",
 "openzeppelin_access",
 "openzeppelin_introspection",
 "openzeppelin_token",
 "origami_random",
 "origami_rating",
 "tournaments",
]

[[package]]
name = "graffiti"
version = "0.1.0"
source = "git+https://github.com/rsodre/graffiti.git?rev=url#e8b0854798ebbcebde504ea299ed556900564ff2"

[[package]]
name = "nft_combo"
version = "1.0.0"
source = "git+https://github.com/underware-gg/cairo-nft-combo?tag=v1.0.0#a70521897e115f3418e49ac78cfb693d185fed66"
dependencies = [
 "graffiti",
 "openzeppelin_introspection",
 "openzeppelin_token",
]

[[package]]
name = "openzeppelin_access"
version = "1.0.0"
source = "git+https://github.com/OpenZeppelin/cairo-contracts.git?tag=v1.0.0#755ce1adbf8d89ed23fbb8daa328fcbeab7c6424"
dependencies = [
 "openzeppelin_introspection",
 "openzeppelin_utils",
]

[[package]]
name = "openzeppelin_account"
version = "1.0.0"
source = "git+https://github.com/OpenZeppelin/cairo-contracts.git?tag=v1.0.0#755ce1adbf8d89ed23fbb8daa328fcbeab7c6424"
dependencies = [
 "openzeppelin_introspection",
 "openzeppelin_utils",
]

[[package]]
name = "openzeppelin_introspection"
version = "1.0.0"
source = "git+https://github.com/OpenZeppelin/cairo-contracts.git?tag=v1.0.0#755ce1adbf8d89ed23fbb8daa328fcbeab7c6424"

[[package]]
name = "openzeppelin_token"
version = "1.0.0"
source = "git+https://github.com/OpenZeppelin/cairo-contracts.git?tag=v1.0.0#755ce1adbf8d89ed23fbb8daa328fcbeab7c6424"
dependencies = [
 "openzeppelin_access",
 "openzeppelin_account",
 "openzeppelin_introspection",
 "openzeppelin_utils",
]

[[package]]
name = "openzeppelin_utils"
version = "1.0.0"
source = "git+https://github.com/OpenZeppelin/cairo-contracts.git?tag=v1.0.0#755ce1adbf8d89ed23fbb8daa328fcbeab7c6424"

[[package]]
name = "origami_random"
version = "1.1.2"
source = "git+https://github.com/dojoengine/origami#81e49e9db43e8528cbb5d914e4da3479a9f02fb8"

[[package]]
name = "origami_rating"
version = "1.1.2"
source = "git+https://github.com/dojoengine/origami#81e49e9db43e8528cbb5d914e4da3479a9f02fb8"

[[package]]
name = "tournaments"
version = "0.0.1"
source = "git+https://github.com/evolute-studio/budokan-tournaments#242e498f73e739fc64a4881ceb4c53d848a950b5"
dependencies = [
 "dojo",
 "openzeppelin_introspection",
 "openzeppelin_token",
]
