# Code generated by scarb DO NOT EDIT.
version = 1

[[package]]
name = "achievement"
version = "0.0.0"
source = "git+https://github.com/evolute-studio/arcade#118e54701b457879073162a3ef1a7eefb79e27a4"
dependencies = [
 "dojo",
]

[[package]]
name = "alexandria_data_structures"
version = "0.4.0"
source = "git+https://github.com/keep-starknet-strange/alexandria.git?tag=v0.4.0#ae3d960589a2f0c9af5fbd9236f6f3eb39fea8ed"

[[package]]
name = "dojo"
version = "1.6.0-alpha.0"
source = "git+https://github.com/dojoengine/dojo?tag=v1.6.0-alpha.1#054623bbf939a3bf90786355bd9b081a2b1b3c3a"
dependencies = [
 "dojo_plugin",
]

[[package]]
name = "dojo_cairo_test"
version = "1.6.0-alpha.0"
source = "git+https://github.com/dojoengine/dojo?tag=v1.6.0-alpha.1#054623bbf939a3bf90786355bd9b081a2b1b3c3a"
dependencies = [
 "dojo",
]

[[package]]
name = "dojo_plugin"
version = "2.10.1"
source = "git+https://github.com/dojoengine/dojo?tag=v1.6.0-alpha.1#054623bbf939a3bf90786355bd9b081a2b1b3c3a"

[[package]]
name = "evolute_duel"
version = "1.6.0"
dependencies = [
 "achievement",
 "alexandria_data_structures",
 "dojo",
 "dojo_cairo_test",
 "openzeppelin_access",
 "openzeppelin_token",
 "origami_random",
]

[[package]]
name = "openzeppelin_access"
version = "1.0.0"
source = "git+https://github.com/OpenZeppelin/cairo-contracts.git?tag=v1.0.0#755ce1adbf8d89ed23fbb8daa328fcbeab7c6424"
dependencies = [
 "openzeppelin_introspection",
 "openzeppelin_utils",
]

[[package]]
name = "openzeppelin_account"
version = "1.0.0"
source = "git+https://github.com/OpenZeppelin/cairo-contracts.git?tag=v1.0.0#755ce1adbf8d89ed23fbb8daa328fcbeab7c6424"
dependencies = [
 "openzeppelin_introspection",
 "openzeppelin_utils",
]

[[package]]
name = "openzeppelin_introspection"
version = "1.0.0"
source = "git+https://github.com/OpenZeppelin/cairo-contracts.git?tag=v1.0.0#755ce1adbf8d89ed23fbb8daa328fcbeab7c6424"

[[package]]
name = "openzeppelin_token"
version = "1.0.0"
source = "git+https://github.com/OpenZeppelin/cairo-contracts.git?tag=v1.0.0#755ce1adbf8d89ed23fbb8daa328fcbeab7c6424"
dependencies = [
 "openzeppelin_access",
 "openzeppelin_account",
 "openzeppelin_introspection",
 "openzeppelin_utils",
]

[[package]]
name = "openzeppelin_utils"
version = "1.0.0"
source = "git+https://github.com/OpenZeppelin/cairo-contracts.git?tag=v1.0.0#755ce1adbf8d89ed23fbb8daa328fcbeab7c6424"

[[package]]
name = "origami_random"
version = "1.1.2"
source = "git+https://github.com/dojoengine/origami#caadee17144b746da8be3c1add9d13596bd3e7e9"
