# Code generated by scarb DO NOT EDIT.
version = 1

[[package]]
name = "alexandria_data_structures"
version = "0.5.2"
source = "git+https://github.com/keep-starknet-strange/alexandria.git?tag=v0.5.2#2fa8b3e12e31f58216b7d890c3d9094da9e6fcff"

[[package]]
name = "alexandria_math"
version = "0.5.2"
source = "git+https://github.com/keep-starknet-strange/alexandria.git?tag=v0.5.2#2fa8b3e12e31f58216b7d890c3d9094da9e6fcff"

[[package]]
name = "dojo"
version = "1.6.0-alpha.1"
source = "git+https://github.com/dojoengine/dojo?tag=v1.7.0-alpha.1#67aeb9f49c6b8c30b1850badd065c9192617c3b2"
dependencies = [
 "dojo_macros",
]

[[package]]
name = "dojo_cairo_test"
version = "1.6.0-alpha.1"
source = "git+https://github.com/dojoengine/dojo?tag=v1.7.0-alpha.1#67aeb9f49c6b8c30b1850badd065c9192617c3b2"
dependencies = [
 "dojo",
]

[[package]]
name = "dojo_macros"
version = "1.6.0-alpha.1"
source = "git+https://github.com/dojoengine/dojo?tag=v1.7.0-alpha.1#67aeb9f49c6b8c30b1850badd065c9192617c3b2"

[[package]]
name = "evolute_duel"
version = "1.7.0"
dependencies = [
 "alexandria_data_structures",
 "alexandria_math",
 "dojo",
 "dojo_cairo_test",
 "dojo_macros",
 "openzeppelin_access",
 "openzeppelin_introspection",
 "openzeppelin_token",
 "origami_random",
 "origami_rating",
 "tournaments",
]

[[package]]
name = "openzeppelin_access"
version = "1.0.0"
source = "git+https://github.com/OpenZeppelin/cairo-contracts.git?tag=v1.0.0#755ce1adbf8d89ed23fbb8daa328fcbeab7c6424"
dependencies = [
 "openzeppelin_introspection",
 "openzeppelin_utils",
]

[[package]]
name = "openzeppelin_account"
version = "1.0.0"
source = "git+https://github.com/OpenZeppelin/cairo-contracts.git?tag=v1.0.0#755ce1adbf8d89ed23fbb8daa328fcbeab7c6424"
dependencies = [
 "openzeppelin_introspection",
 "openzeppelin_utils",
]

[[package]]
name = "openzeppelin_introspection"
version = "1.0.0"
source = "git+https://github.com/OpenZeppelin/cairo-contracts.git?tag=v1.0.0#755ce1adbf8d89ed23fbb8daa328fcbeab7c6424"

[[package]]
name = "openzeppelin_token"
version = "1.0.0"
source = "git+https://github.com/OpenZeppelin/cairo-contracts.git?tag=v1.0.0#755ce1adbf8d89ed23fbb8daa328fcbeab7c6424"
dependencies = [
 "openzeppelin_access",
 "openzeppelin_account",
 "openzeppelin_introspection",
 "openzeppelin_utils",
]

[[package]]
name = "openzeppelin_utils"
version = "1.0.0"
source = "git+https://github.com/OpenZeppelin/cairo-contracts.git?tag=v1.0.0#755ce1adbf8d89ed23fbb8daa328fcbeab7c6424"

[[package]]
name = "origami_random"
version = "1.1.2"
source = "git+https://github.com/dojoengine/origami#81e49e9db43e8528cbb5d914e4da3479a9f02fb8"

[[package]]
name = "origami_rating"
version = "1.1.2"
source = "git+https://github.com/dojoengine/origami#81e49e9db43e8528cbb5d914e4da3479a9f02fb8"

[[package]]
name = "tournaments"
version = "0.0.1"
source = "git+https://github.com/evolute-studio/budokan-tournaments#71bccd49f8bbf552d7b331dac268ab76c69e4088"
dependencies = [
 "dojo",
 "dojo_macros",
 "openzeppelin_introspection",
 "openzeppelin_token",
]
